
Microsoft Visual Studio Solution File, Format Version 12.00
# Visual Studio Version 17
VisualStudioVersion = 17.13.35806.99 d17.13
MinimumVisualStudioVersion = 10.0.40219.1
Project("{FAE04EC0-301F-11D3-BF4B-00C04F79EFBC}") = "JwtAuthAPI", "JwtAuthAPI\JwtAuthAPI.csproj", "{5D27610E-1ADB-4BF2-AFDF-168803491D43}"
EndProject
Global
	GlobalSection(SolutionConfigurationPlatforms) = preSolution
		Debug|Any CPU = Debug|Any CPU
		Release|Any CPU = Release|Any CPU
	EndGlobalSection
	GlobalSection(ProjectConfigurationPlatforms) = postSolution
		{5D27610E-1ADB-4BF2-AFDF-168803491D43}.Debug|Any CPU.ActiveCfg = Debug|Any CPU
		{5D27610E-1ADB-4BF2-AFDF-168803491D43}.Debug|Any CPU.Build.0 = Debug|Any CPU
		{5D27610E-1ADB-4BF2-AFDF-168803491D43}.Release|Any CPU.ActiveCfg = Release|Any CPU
		{5D27610E-1ADB-4BF2-AFDF-168803491D43}.Release|Any CPU.Build.0 = Release|Any CPU
	EndGlobalSection
	GlobalSection(SolutionProperties) = preSolution
		HideSolutionNode = FALSE
	EndGlobalSection
	GlobalSection(ExtensibilityGlobals) = postSolution
		SolutionGuid = {EAED588C-1819-45A1-A2E3-87249C8FA209}
	EndGlobalSection
EndGlobal
